
Microsoft Visual Studio Solution File, Format Version 12.00
# Visual Studio Version 17
VisualStudioVersion = 17.1.32407.343
MinimumVisualStudioVersion = 10.0.40219.1
Project("{9A19103F-16F7-4668-BE54-9A1E7A4F7556}") = "JsonObjectTest", "JsonObjectTest\JsonObjectTest.csproj", "{02135C93-44D6-4A2E-9FC5-9FFAF00F549F}"
EndProject
Global
	GlobalSection(SolutionConfigurationPlatforms) = preSolution
		Debug|Any CPU = Debug|Any CPU
		Release|Any CPU = Release|Any CPU
	EndGlobalSection
	GlobalSection(ProjectConfigurationPlatforms) = postSolution
		{02135C93-44D6-4A2E-9FC5-9FFAF00F549F}.Debug|Any CPU.ActiveCfg = Debug|Any CPU
		{02135C93-44D6-4A2E-9FC5-9FFAF00F549F}.Debug|Any CPU.Build.0 = Debug|Any CPU
		{02135C93-44D6-4A2E-9FC5-9FFAF00F549F}.Release|Any CPU.ActiveCfg = Release|Any CPU
		{02135C93-44D6-4A2E-9FC5-9FFAF00F549F}.Release|Any CPU.Build.0 = Release|Any CPU
	EndGlobalSection
	GlobalSection(SolutionProperties) = preSolution
		HideSolutionNode = FALSE
	EndGlobalSection
	GlobalSection(ExtensibilityGlobals) = postSolution
		SolutionGuid = {68EDAFC8-2C40-42B2-A7C2-5E8AF045C022}
	EndGlobalSection
EndGlobal
